// !$*UTF8*$!
{
	archiveVersion = 1;
	classes = {
	};
	objectVersion = 46;
	objects = {

/* Begin PBXBuildFile section */
		FC8315621E9B8EFA0017AA4C /* AppDelegate.swift in Sources */ = {isa = PBXBuildFile; fileRef = FC8315611E9B8EFA0017AA4C /* AppDelegate.swift */; };
		FC8315641E9B8EFA0017AA4C /* ViewController.swift in Sources */ = {isa = PBXBuildFile; fileRef = FC8315631E9B8EFA0017AA4C /* ViewController.swift */; };
		FC8315671E9B8EFA0017AA4C /* Main.storyboard in Resources */ = {isa = PBXBuildFile; fileRef = FC8315651E9B8EFA0017AA4C /* Main.storyboard */; };
		FC8315691E9B8EFA0017AA4C /* Assets.xcassets in Resources */ = {isa = PBXBuildFile; fileRef = FC8315681E9B8EFA0017AA4C /* Assets.xcassets */; };
		FC83156C1E9B8EFA0017AA4C /* LaunchScreen.storyboard in Resources */ = {isa = PBXBuildFile; fileRef = FC83156A1E9B8EFA0017AA4C /* LaunchScreen.storyboard */; };
/* End PBXBuildFile section */

/* Begin PBXFileReference section */
		FC83155E1E9B8EFA0017AA4C /* Play3D.app */ = {isa = PBXFileReference; explicitFileType = wrapper.application; includeInIndex = 0; path = Play3D.app; sourceTree = BUILT_PRODUCTS_DIR; };
		FC8315611E9B8EFA0017AA4C /* AppDelegate.swift */ = {isa = PBXFileReference; lastKnownFileType = sourcecode.swift; path = AppDelegate.swift; sourceTree = "<group>"; };
		FC8315631E9B8EFA0017AA4C /* ViewController.swift */ = {isa = PBXFileReference; lastKnownFileType = sourcecode.swift; path = ViewController.swift; sourceTree = "<group>"; };
		FC8315661E9B8EFA0017AA4C /* Base */ = {isa = PBXFileReference; lastKnownFileType = file.storyboard; name = Base; path = Base.lproj/Main.storyboard; sourceTree = "<group>"; };
		FC8315681E9B8EFA0017AA4C /* Assets.xcassets */ = {isa = PBXFileReference; lastKnownFileType = folder.assetcatalog; path = Assets.xcassets; sourceTree = "<group>"; };
		FC83156B1E9B8EFA0017AA4C /* Base */ = {isa = PBXFileReference; lastKnownFileType = file.storyboard; name = Base; path = Base.lproj/LaunchScreen.storyboard; sourceTree = "<group>"; };
		FC83156D1E9B8EFA0017AA4C /* Info.plist */ = {isa = PBXFileReference; lastKnownFileType = text.plist.xml; path = Info.plist; sourceTree = "<group>"; };
/* End PBXFileReference section */

/* Begin PBXFrameworksBuildPhase section */
		FC83155B1E9B8EFA0017AA4C /* Frameworks */ = {
			isa = PBXFrameworksBuildPhase;
			buildActionMask = 2147483647;
			files = (
			);
			runOnlyForDeploymentPostprocessing = 0;
		};
/* End PBXFrameworksBuildPhase section */

/* Begin PBXGroup section */
		FC8315551E9B8EFA0017AA4C = {
			isa = PBXGroup;
			children = (
				FC8315601E9B8EFA0017AA4C /* Play3D */,
				FC83155F1E9B8EFA0017AA4C /* Products */,
			);
			sourceTree = "<group>";
		};
		FC83155F1E9B8EFA0017AA4C /* Products */ = {
			isa = PBXGroup;
			children = (
				FC83155E1E9B8EFA0017AA4C /* Play3D.app */,
			);
			name = Products;
			sourceTree = "<group>";
		};
		FC8315601E9B8EFA0017AA4C /* Play3D */ = {
			isa = PBXGroup;
			children = (
				FC8315611E9B8EFA0017AA4C /* AppDelegate.swift */,
				FC8315631E9B8EFA0017AA4C /* ViewController.swift */,
				FC8315651E9B8EFA0017AA4C /* Main.storyboard */,
				FC8315681E9B8EFA0017AA4C /* Assets.xcassets */,
				FC83156A1E9B8EFA0017AA4C /* LaunchScreen.storyboard */,
				FC83156D1E9B8EFA0017AA4C /* Info.plist */,
			);
			path = Play3D;
			sourceTree = "<group>";
		};
/* End PBXGroup section */

/* Begin PBXNativeTarget section */
		FC83155D1E9B8EFA0017AA4C /* Play3D */ = {
			isa = PBXNativeTarget;
			buildConfigurationList = FC8315701E9B8EFA0017AA4C /* Build configuration list for PBXNativeTarget "Play3D" */;
			buildPhases = (
				FC83155A1E9B8EFA0017AA4C /* Sources */,
				FC83155B1E9B8EFA0017AA4C /* Frameworks */,
				FC83155C1E9B8EFA0017AA4C /* Resources */,
			);
			buildRules = (
			);
			dependencies = (
			);
			name = Play3D;
			productName = Play3D;
			productReference = FC83155E1E9B8EFA0017AA4C /* Play3D.app */;
			productType = "com.apple.product-type.application";
		};
/* End PBXNativeTarget section */

/* Begin PBXProject section */
		FC8315561E9B8EFA0017AA4C /* Project object */ = {
			isa = PBXProject;
			attributes = {
				LastSwiftUpdateCheck = 0830;
				LastUpgradeCheck = 0830;
				ORGANIZATIONNAME = Vilhelmas;
				TargetAttributes = {
					FC83155D1E9B8EFA0017AA4C = {
						CreatedOnToolsVersion = 8.3;
						ProvisioningStyle = Automatic;
					};
				};
			};
			buildConfigurationList = FC8315591E9B8EFA0017AA4C /* Build configuration list for PBXProject "Play3D" */;
			compatibilityVersion = "Xcode 3.2";
			developmentRegion = English;
			hasScannedForEncodings = 0;
			knownRegions = (
				en,
				Base,
			);
			mainGroup = FC8315551E9B8EFA0017AA4C;
			productRefGroup = FC83155F1E9B8EFA0017AA4C /* Products */;
			projectDirPath = "";
			projectRoot = "";
			targets = (
				FC83155D1E9B8EFA0017AA4C /* Play3D */,
			);
		};
/* End PBXProject section */

/* Begin PBXResourcesBuildPhase section */
		FC83155C1E9B8EFA0017AA4C /* Resources */ = {
			isa = PBXResourcesBuildPhase;
			buildActionMask = 2147483647;
			files = (
				FC83156C1E9B8EFA0017AA4C /* LaunchScreen.storyboard in Resources */,
				FC8315691E9B8EFA0017AA4C /* Assets.xcassets in Resources */,
				FC8315671E9B8EFA0017AA4C /* Main.storyboard in Resources */,
			);
			runOnlyForDeploymentPostprocessing = 0;
		};
/* End PBXResourcesBuildPhase section */

/* Begin PBXSourcesBuildPhase section */
		FC83155A1E9B8EFA0017AA4C /* Sources */ = {
			isa = PBXSourcesBuildPhase;
			buildActionMask = 2147483647;
			files = (
				FC8315641E9B8EFA0017AA4C /* ViewController.swift in Sources */,
				FC8315621E9B8EFA0017AA4C /* AppDelegate.swift in Sources */,
			);
			runOnlyForDeploymentPostprocessing = 0;
		};
/* End PBXSourcesBuildPhase section */

/* Begin PBXVariantGroup section */
		FC8315651E9B8EFA0017AA4C /* Main.storyboard */ = {
			isa = PBXVariantGroup;
			children = (
				FC8315661E9B8EFA0017AA4C /* Base */,
			);
			name = Main.storyboard;
			sourceTree = "<group>";
		};
		FC83156A1E9B8EFA0017AA4C /* LaunchScreen.storyboard */ = {
			isa = PBXVariantGroup;
			children = (
				FC83156B1E9B8EFA0017AA4C /* Base */,
			);
			name = LaunchScreen.storyboard;
			sourceTree = "<group>";
		};
/* End PBXVariantGroup section */

/* Begin XCBuildConfiguration section */
		FC83156E1E9B8EFA0017AA4C /* Debug */ = {
			isa = XCBuildConfiguration;
			buildSettings = {
				ALWAYS_SEARCH_USER_PATHS = NO;
				CLANG_ANALYZER_NONNULL = YES;
				CLANG_ANALYZER_NUMBER_OBJECT_CONVERSION = YES_AGGRESSIVE;
				CLANG_CXX_LANGUAGE_STANDARD = "gnu++0x";
				CLANG_CXX_LIBRARY = "libc++";
				CLANG_ENABLE_MODULES = YES;
				CLANG_ENABLE_OBJC_ARC = YES;
				CLANG_WARN_BOOL_CONVERSION = YES;
				CLANG_WARN_CONSTANT_CONVERSION = YES;
				CLANG_WARN_DIRECT_OBJC_ISA_USAGE = YES_ERROR;
				CLANG_WARN_DOCUMENTATION_COMMENTS = YES;
				CLANG_WARN_EMPTY_BODY = YES;
				CLANG_WARN_ENUM_CONVERSION = YES;
				CLANG_WARN_INFINITE_RECURSION = YES;
				CLANG_WARN_INT_CONVERSION = YES;
				CLANG_WARN_OBJC_ROOT_CLASS = YES_ERROR;
				CLANG_WARN_SUSPICIOUS_MOVE = YES;
				CLANG_WARN_UNREACHABLE_CODE = YES;
				CLANG_WARN__DUPLICATE_METHOD_MATCH = YES;
				"CODE_SIGN_IDENTITY[sdk=iphoneos*]" = "iPhone Developer";
				COPY_PHASE_STRIP = NO;
				DEBUG_INFORMATION_FORMAT = dwarf;
				ENABLE_STRICT_OBJC_MSGSEND = YES;
				ENABLE_TESTABILITY = YES;
				GCC_C_LANGUAGE_STANDARD = gnu99;
				GCC_DYNAMIC_NO_PIC = NO;
				GCC_NO_COMMON_BLOCKS = YES;
				GCC_OPTIMIZATION_LEVEL = 0;
				GCC_PREPROCESSOR_DEFINITIONS = (
					"DEBUG=1",
					"$(inherited)",
				);
				GCC_WARN_64_TO_32_BIT_CONVERSION = YES;
				GCC_WARN_ABOUT_RETURN_TYPE = YES_ERROR;
				GCC_WARN_UNDECLARED_SELECTOR = YES;
				GCC_WARN_UNINITIALIZED_AUTOS = YES_AGGRESSIVE;
				GCC_WARN_UNUSED_FUNCTION = YES;
				GCC_WARN_UNUSED_VARIABLE = YES;
				IPHONEOS_DEPLOYMENT_TARGET = 10.3;
				MTL_ENABLE_DEBUG_INFO = YES;
				ONLY_ACTIVE_ARCH = YES;
				SDKROOT = iphoneos;
				SWIFT_ACTIVE_COMPILATION_CONDITIONS = DEBUG;
				SWIFT_OPTIMIZATION_LEVEL = "-Onone";
			};
			name = Debug;
		};
		FC83156F1E9B8EFA0017AA4C /* Release */ = {
			isa = XCBuildConfiguration;
			buildSettings = {
				ALWAYS_SEARCH_USER_PATHS = NO;
				CLANG_ANALYZER_NONNULL = YES;
				CLANG_ANALYZER_NUMBER_OBJECT_CONVERSION = YES_AGGRESSIVE;
				CLANG_CXX_LANGUAGE_STANDARD = "gnu++0x";
				CLANG_CXX_LIBRARY = "libc++";
				CLANG_ENABLE_MODULES = YES;
				CLANG_ENABLE_OBJC_ARC = YES;
				CLANG_WARN_BOOL_CONVERSION = YES;
				CLANG_WARN_CONSTANT_CONVERSION = YES;
				CLANG_WARN_DIRECT_OBJC_ISA_USAGE = YES_ERROR;
				CLANG_WARN_DOCUMENTATION_COMMENTS = YES;
				CLANG_WARN_EMPTY_BODY = YES;
				CLANG_WARN_ENUM_CONVERSION = YES;
				CLANG_WARN_INFINITE_RECURSION = YES;
				CLANG_WARN_INT_CONVERSION = YES;
				CLANG_WARN_OBJC_ROOT_CLASS = YES_ERROR;
				CLANG_WARN_SUSPICIOUS_MOVE = YES;
				CLANG_WARN_UNREACHABLE_CODE = YES;
				CLANG_WARN__DUPLICATE_METHOD_MATCH = YES;
				"CODE_SIGN_IDENTITY[sdk=iphoneos*]" = "iPhone Developer";
				COPY_PHASE_STRIP = NO;
				DEBUG_INFORMATION_FORMAT = "dwarf-with-dsym";
				ENABLE_NS_ASSERTIONS = NO;
				ENABLE_STRICT_OBJC_MSGSEND = YES;
				GCC_C_LANGUAGE_STANDARD = gnu99;
				GCC_NO_COMMON_BLOCKS = YES;
				GCC_WARN_64_TO_32_BIT_CONVERSION = YES;
				GCC_WARN_ABOUT_RETURN_TYPE = YES_ERROR;
				GCC_WARN_UNDECLARED_SELECTOR = YES;
				GCC_WARN_UNINITIALIZED_AUTOS = YES_AGGRESSIVE;
				GCC_WARN_UNUSED_FUNCTION = YES;
				GCC_WARN_UNUSED_VARIABLE = YES;
				IPHONEOS_DEPLOYMENT_TARGET = 10.3;
				MTL_ENABLE_DEBUG_INFO = NO;
				SDKROOT = iphoneos;
				SWIFT_OPTIMIZATION_LEVEL = "-Owholemodule";
				VALIDATE_PRODUCT = YES;
			};
			name = Release;
		};
		FC8315711E9B8EFA0017AA4C /* Debug */ = {
			isa = XCBuildConfiguration;
			buildSettings = {
				ASSETCATALOG_COMPILER_APPICON_NAME = AppIcon;
				INFOPLIST_FILE = Play3D/Info.plist;
				LD_RUNPATH_SEARCH_PATHS = "$(inherited) @executable_path/Frameworks";
				PRODUCT_BUNDLE_IDENTIFIER = preiksas.Play3D;
				PRODUCT_NAME = "$(TARGET_NAME)";
				SWIFT_VERSION = 3.0;
			};
			name = Debug;
		};
		FC8315721E9B8EFA0017AA4C /* Release */ = {
			isa = XCBuildConfiguration;
			buildSettings = {
				ASSETCATALOG_COMPILER_APPICON_NAME = AppIcon;
				INFOPLIST_FILE = Play3D/Info.plist;
				LD_RUNPATH_SEARCH_PATHS = "$(inherited) @executable_path/Frameworks";
				PRODUCT_BUNDLE_IDENTIFIER = preiksas.Play3D;
				PRODUCT_NAME = "$(TARGET_NAME)";
				SWIFT_VERSION = 3.0;
			};
			name = Release;
		};
/* End XCBuildConfiguration section */

/* Begin XCConfigurationList section */
		FC8315591E9B8EFA0017AA4C /* Build configuration list for PBXProject "Play3D" */ = {
			isa = XCConfigurationList;
			buildConfigurations = (
				FC83156E1E9B8EFA0017AA4C /* Debug */,
				FC83156F1E9B8EFA0017AA4C /* Release */,
			);
			defaultConfigurationIsVisible = 0;
			defaultConfigurationName = Release;
		};
		FC8315701E9B8EFA0017AA4C /* Build configuration list for PBXNativeTarget "Play3D" */ = {
			isa = XCConfigurationList;
			buildConfigurations = (
				FC8315711E9B8EFA0017AA4C /* Debug */,
				FC8315721E9B8EFA0017AA4C /* Release */,
			);
			defaultConfigurationIsVisible = 0;
		};
/* End XCConfigurationList section */
	};
	rootObject = FC8315561E9B8EFA0017AA4C /* Project object */;
}
